// !$*UTF8*$!
{
	archiveVersion = 1;
	classes = {
	};
	objectVersion = 56;
	objects = {

/* Begin PBXBuildFile section */
		FF017D2F2BDB8D7800A235A9 /* TomatoMurdererApp.swift in Sources */ = {isa = PBXBuildFile; fileRef = FF017D2E2BDB8D7800A235A9 /* TomatoMurdererApp.swift */; };
		FF017D312BDB8D7800A235A9 /* MurderView.swift in Sources */ = {isa = PBXBuildFile; fileRef = FF017D302BDB8D7800A235A9 /* MurderView.swift */; };
		FF017D332BDB8D7900A235A9 /* Assets.xcassets in Resources */ = {isa = PBXBuildFile; fileRef = FF017D322BDB8D7900A235A9 /* Assets.xcassets */; };
		FF017D362BDB8D7900A235A9 /* Preview Assets.xcassets in Resources */ = {isa = PBXBuildFile; fileRef = FF017D352BDB8D7900A235A9 /* Preview Assets.xcassets */; };
		FFB3F1CD2BDF9EC900F77079 /* HideKnifeView.swift in Sources */ = {isa = PBXBuildFile; fileRef = FFB3F1CC2BDF9EC900F77079 /* HideKnifeView.swift */; };
		FFB3F1CF2BDF9EFB00F77079 /* Knife.swift in Sources */ = {isa = PBXBuildFile; fileRef = FFB3F1CE2BDF9EFB00F77079 /* Knife.swift */; };
		FFB3F1D12BDFAFA200F77079 /* BloodView.swift in Sources */ = {isa = PBXBuildFile; fileRef = FFB3F1D02BDFAFA200F77079 /* BloodView.swift */; };
		FFB3F1D72BDFBB8900F77079 /* GameView.swift in Sources */ = {isa = PBXBuildFile; fileRef = FFB3F1D62BDFBB8900F77079 /* GameView.swift */; };
		FFB3F1DB2BDFBEBD00F77079 /* MurdererStartView.swift in Sources */ = {isa = PBXBuildFile; fileRef = FFB3F1DA2BDFBEBD00F77079 /* MurdererStartView.swift */; };
/* End PBXBuildFile section */

/* Begin PBXFileReference section */
		FF017D2B2BDB8D7800A235A9 /* TomatoMurderer.app */ = {isa = PBXFileReference; explicitFileType = wrapper.application; includeInIndex = 0; path = TomatoMurderer.app; sourceTree = BUILT_PRODUCTS_DIR; };
		FF017D2E2BDB8D7800A235A9 /* TomatoMurdererApp.swift */ = {isa = PBXFileReference; lastKnownFileType = sourcecode.swift; path = TomatoMurdererApp.swift; sourceTree = "<group>"; };
		FF017D302BDB8D7800A235A9 /* MurderView.swift */ = {isa = PBXFileReference; lastKnownFileType = sourcecode.swift; path = MurderView.swift; sourceTree = "<group>"; };
		FF017D322BDB8D7900A235A9 /* Assets.xcassets */ = {isa = PBXFileReference; lastKnownFileType = folder.assetcatalog; path = Assets.xcassets; sourceTree = "<group>"; };
		FF017D352BDB8D7900A235A9 /* Preview Assets.xcassets */ = {isa = PBXFileReference; lastKnownFileType = folder.assetcatalog; path = "Preview Assets.xcassets"; sourceTree = "<group>"; };
		FFB3F1CC2BDF9EC900F77079 /* HideKnifeView.swift */ = {isa = PBXFileReference; lastKnownFileType = sourcecode.swift; path = HideKnifeView.swift; sourceTree = "<group>"; };
		FFB3F1CE2BDF9EFB00F77079 /* Knife.swift */ = {isa = PBXFileReference; lastKnownFileType = sourcecode.swift; path = Knife.swift; sourceTree = "<group>"; };
		FFB3F1D02BDFAFA200F77079 /* BloodView.swift */ = {isa = PBXFileReference; lastKnownFileType = sourcecode.swift; path = BloodView.swift; sourceTree = "<group>"; };
		FFB3F1D62BDFBB8900F77079 /* GameView.swift */ = {isa = PBXFileReference; lastKnownFileType = sourcecode.swift; path = GameView.swift; sourceTree = "<group>"; };
		FFB3F1DA2BDFBEBD00F77079 /* MurdererStartView.swift */ = {isa = PBXFileReference; lastKnownFileType = sourcecode.swift; path = MurdererStartView.swift; sourceTree = "<group>"; };
		FFC699702BDF8349003C4D36 /* Info.plist */ = {isa = PBXFileReference; lastKnownFileType = text.plist; path = Info.plist; sourceTree = "<group>"; };
/* End PBXFileReference section */

/* Begin PBXFrameworksBuildPhase section */
		FF017D282BDB8D7800A235A9 /* Frameworks */ = {
			isa = PBXFrameworksBuildPhase;
			buildActionMask = 2147483647;
			files = (
			);
			runOnlyForDeploymentPostprocessing = 0;
		};
/* End PBXFrameworksBuildPhase section */

/* Begin PBXGroup section */
		FF017D222BDB8D7800A235A9 = {
			isa = PBXGroup;
			children = (
				FF017D2D2BDB8D7800A235A9 /* TomatoMurderer */,
				FF017D2C2BDB8D7800A235A9 /* Products */,
			);
			sourceTree = "<group>";
		};
		FF017D2C2BDB8D7800A235A9 /* Products */ = {
			isa = PBXGroup;
			children = (
				FF017D2B2BDB8D7800A235A9 /* TomatoMurderer.app */,
			);
			name = Products;
			sourceTree = "<group>";
		};
		FF017D2D2BDB8D7800A235A9 /* TomatoMurderer */ = {
			isa = PBXGroup;
			children = (
				FFC699702BDF8349003C4D36 /* Info.plist */,
				FF017D2E2BDB8D7800A235A9 /* TomatoMurdererApp.swift */,
				FF017D302BDB8D7800A235A9 /* MurderView.swift */,
				FFB3F1D62BDFBB8900F77079 /* GameView.swift */,
				FFB3F1D02BDFAFA200F77079 /* BloodView.swift */,
				FFB3F1DA2BDFBEBD00F77079 /* MurdererStartView.swift */,
				FFB3F1CC2BDF9EC900F77079 /* HideKnifeView.swift */,
				FFB3F1CE2BDF9EFB00F77079 /* Knife.swift */,
				FF017D322BDB8D7900A235A9 /* Assets.xcassets */,
				FF017D342BDB8D7900A235A9 /* Preview Content */,
			);
			path = TomatoMurderer;
			sourceTree = "<group>";
		};
		FF017D342BDB8D7900A235A9 /* Preview Content */ = {
			isa = PBXGroup;
			children = (
				FF017D352BDB8D7900A235A9 /* Preview Assets.xcassets */,
			);
			path = "Preview Content";
			sourceTree = "<group>";
		};
/* End PBXGroup section */

/* Begin PBXNativeTarget section */
		FF017D2A2BDB8D7800A235A9 /* TomatoMurderer */ = {
			isa = PBXNativeTarget;
			buildConfigurationList = FF017D392BDB8D7900A235A9 /* Build configuration list for PBXNativeTarget "TomatoMurderer" */;
			buildPhases = (
				FF017D272BDB8D7800A235A9 /* Sources */,
				FF017D282BDB8D7800A235A9 /* Frameworks */,
				FF017D292BDB8D7800A235A9 /* Resources */,
			);
			buildRules = (
			);
			dependencies = (
			);
			name = TomatoMurderer;
			productName = TomatoMurderer;
			productReference = FF017D2B2BDB8D7800A235A9 /* TomatoMurderer.app */;
			productType = "com.apple.product-type.application";
		};
/* End PBXNativeTarget section */

/* Begin PBXProject section */
		FF017D232BDB8D7800A235A9 /* Project object */ = {
			isa = PBXProject;
			attributes = {
				BuildIndependentTargetsInParallel = 1;
				LastSwiftUpdateCheck = 1530;
				LastUpgradeCheck = 1530;
				TargetAttributes = {
					FF017D2A2BDB8D7800A235A9 = {
						CreatedOnToolsVersion = 15.3;
					};
				};
			};
			buildConfigurationList = FF017D262BDB8D7800A235A9 /* Build configuration list for PBXProject "TomatoMurderer" */;
			compatibilityVersion = "Xcode 14.0";
			developmentRegion = en;
			hasScannedForEncodings = 0;
			knownRegions = (
				en,
				Base,
			);
			mainGroup = FF017D222BDB8D7800A235A9;
			productRefGroup = FF017D2C2BDB8D7800A235A9 /* Products */;
			projectDirPath = "";
			projectRoot = "";
			targets = (
				FF017D2A2BDB8D7800A235A9 /* TomatoMurderer */,
			);
		};
/* End PBXProject section */

/* Begin PBXResourcesBuildPhase section */
		FF017D292BDB8D7800A235A9 /* Resources */ = {
			isa = PBXResourcesBuildPhase;
			buildActionMask = 2147483647;
			files = (
				FF017D362BDB8D7900A235A9 /* Preview Assets.xcassets in Resources */,
				FF017D332BDB8D7900A235A9 /* Assets.xcassets in Resources */,
			);
			runOnlyForDeploymentPostprocessing = 0;
		};
/* End PBXResourcesBuildPhase section */

/* Begin PBXSourcesBuildPhase section */
		FF017D272BDB8D7800A235A9 /* Sources */ = {
			isa = PBXSourcesBuildPhase;
			buildActionMask = 2147483647;
			files = (
				FF017D312BDB8D7800A235A9 /* MurderView.swift in Sources */,
				FFB3F1CD2BDF9EC900F77079 /* HideKnifeView.swift in Sources */,
				FF017D2F2BDB8D7800A235A9 /* TomatoMurdererApp.swift in Sources */,
				FFB3F1D12BDFAFA200F77079 /* BloodView.swift in Sources */,
				FFB3F1D72BDFBB8900F77079 /* GameView.swift in Sources */,
				FFB3F1DB2BDFBEBD00F77079 /* MurdererStartView.swift in Sources */,
				FFB3F1CF2BDF9EFB00F77079 /* Knife.swift in Sources */,
			);
			runOnlyForDeploymentPostprocessing = 0;
		};
/* End PBXSourcesBuildPhase section */

/* Begin XCBuildConfiguration section */
		FF017D372BDB8D7900A235A9 /* Debug */ = {
			isa = XCBuildConfiguration;
			buildSettings = {
				ALWAYS_SEARCH_USER_PATHS = NO;
				ASSETCATALOG_COMPILER_GENERATE_SWIFT_ASSET_SYMBOL_EXTENSIONS = YES;
				CLANG_ANALYZER_NONNULL = YES;
				CLANG_ANALYZER_NUMBER_OBJECT_CONVERSION = YES_AGGRESSIVE;
				CLANG_CXX_LANGUAGE_STANDARD = "gnu++20";
				CLANG_ENABLE_MODULES = YES;
				CLANG_ENABLE_OBJC_ARC = YES;
				CLANG_ENABLE_OBJC_WEAK = YES;
				CLANG_WARN_BLOCK_CAPTURE_AUTORELEASING = YES;
				CLANG_WARN_BOOL_CONVERSION = YES;
				CLANG_WARN_COMMA = YES;
				CLANG_WARN_CONSTANT_CONVERSION = YES;
				CLANG_WARN_DEPRECATED_OBJC_IMPLEMENTATIONS = YES;
				CLANG_WARN_DIRECT_OBJC_ISA_USAGE = YES_ERROR;
				CLANG_WARN_DOCUMENTATION_COMMENTS = YES;
				CLANG_WARN_EMPTY_BODY = YES;
				CLANG_WARN_ENUM_CONVERSION = YES;
				CLANG_WARN_INFINITE_RECURSION = YES;
				CLANG_WARN_INT_CONVERSION = YES;
				CLANG_WARN_NON_LITERAL_NULL_CONVERSION = YES;
				CLANG_WARN_OBJC_IMPLICIT_RETAIN_SELF = YES;
				CLANG_WARN_OBJC_LITERAL_CONVERSION = YES;
				CLANG_WARN_OBJC_ROOT_CLASS = YES_ERROR;
				CLANG_WARN_QUOTED_INCLUDE_IN_FRAMEWORK_HEADER = YES;
				CLANG_WARN_RANGE_LOOP_ANALYSIS = YES;
				CLANG_WARN_STRICT_PROTOTYPES = YES;
				CLANG_WARN_SUSPICIOUS_MOVE = YES;
				CLANG_WARN_UNGUARDED_AVAILABILITY = YES_AGGRESSIVE;
				CLANG_WARN_UNREACHABLE_CODE = YES;
				CLANG_WARN__DUPLICATE_METHOD_MATCH = YES;
				COPY_PHASE_STRIP = NO;
				DEBUG_INFORMATION_FORMAT = dwarf;
				ENABLE_STRICT_OBJC_MSGSEND = YES;
				ENABLE_TESTABILITY = YES;
				ENABLE_USER_SCRIPT_SANDBOXING = YES;
				GCC_C_LANGUAGE_STANDARD = gnu17;
				GCC_DYNAMIC_NO_PIC = NO;
				GCC_NO_COMMON_BLOCKS = YES;
				GCC_OPTIMIZATION_LEVEL = 0;
				GCC_PREPROCESSOR_DEFINITIONS = (
					"DEBUG=1",
					"$(inherited)",
				);
				GCC_WARN_64_TO_32_BIT_CONVERSION = YES;
				GCC_WARN_ABOUT_RETURN_TYPE = YES_ERROR;
				GCC_WARN_UNDECLARED_SELECTOR = YES;
				GCC_WARN_UNINITIALIZED_AUTOS = YES_AGGRESSIVE;
				GCC_WARN_UNUSED_FUNCTION = YES;
				GCC_WARN_UNUSED_VARIABLE = YES;
				IPHONEOS_DEPLOYMENT_TARGET = 17.4;
				LOCALIZATION_PREFERS_STRING_CATALOGS = YES;
				MTL_ENABLE_DEBUG_INFO = INCLUDE_SOURCE;
				MTL_FAST_MATH = YES;
				ONLY_ACTIVE_ARCH = YES;
				SDKROOT = iphoneos;
				SWIFT_ACTIVE_COMPILATION_CONDITIONS = "DEBUG $(inherited)";
				SWIFT_OPTIMIZATION_LEVEL = "-Onone";
			};
			name = Debug;
		};
		FF017D382BDB8D7900A235A9 /* Release */ = {
			isa = XCBuildConfiguration;
			buildSettings = {
				ALWAYS_SEARCH_USER_PATHS = NO;
				ASSETCATALOG_COMPILER_GENERATE_SWIFT_ASSET_SYMBOL_EXTENSIONS = YES;
				CLANG_ANALYZER_NONNULL = YES;
				CLANG_ANALYZER_NUMBER_OBJECT_CONVERSION = YES_AGGRESSIVE;
				CLANG_CXX_LANGUAGE_STANDARD = "gnu++20";
				CLANG_ENABLE_MODULES = YES;
				CLANG_ENABLE_OBJC_ARC = YES;
				CLANG_ENABLE_OBJC_WEAK = YES;
				CLANG_WARN_BLOCK_CAPTURE_AUTORELEASING = YES;
				CLANG_WARN_BOOL_CONVERSION = YES;
				CLANG_WARN_COMMA = YES;
				CLANG_WARN_CONSTANT_CONVERSION = YES;
				CLANG_WARN_DEPRECATED_OBJC_IMPLEMENTATIONS = YES;
				CLANG_WARN_DIRECT_OBJC_ISA_USAGE = YES_ERROR;
				CLANG_WARN_DOCUMENTATION_COMMENTS = YES;
				CLANG_WARN_EMPTY_BODY = YES;
				CLANG_WARN_ENUM_CONVERSION = YES;
				CLANG_WARN_INFINITE_RECURSION = YES;
				CLANG_WARN_INT_CONVERSION = YES;
				CLANG_WARN_NON_LITERAL_NULL_CONVERSION = YES;
				CLANG_WARN_OBJC_IMPLICIT_RETAIN_SELF = YES;
				CLANG_WARN_OBJC_LITERAL_CONVERSION = YES;
				CLANG_WARN_OBJC_ROOT_CLASS = YES_ERROR;
				CLANG_WARN_QUOTED_INCLUDE_IN_FRAMEWORK_HEADER = YES;
				CLANG_WARN_RANGE_LOOP_ANALYSIS = YES;
				CLANG_WARN_STRICT_PROTOTYPES = YES;
				CLANG_WARN_SUSPICIOUS_MOVE = YES;
				CLANG_WARN_UNGUARDED_AVAILABILITY = YES_AGGRESSIVE;
				CLANG_WARN_UNREACHABLE_CODE = YES;
				CLANG_WARN__DUPLICATE_METHOD_MATCH = YES;
				COPY_PHASE_STRIP = NO;
				DEBUG_INFORMATION_FORMAT = "dwarf-with-dsym";
				ENABLE_NS_ASSERTIONS = NO;
				ENABLE_STRICT_OBJC_MSGSEND = YES;
				ENABLE_USER_SCRIPT_SANDBOXING = YES;
				GCC_C_LANGUAGE_STANDARD = gnu17;
				GCC_NO_COMMON_BLOCKS = YES;
				GCC_WARN_64_TO_32_BIT_CONVERSION = YES;
				GCC_WARN_ABOUT_RETURN_TYPE = YES_ERROR;
				GCC_WARN_UNDECLARED_SELECTOR = YES;
				GCC_WARN_UNINITIALIZED_AUTOS = YES_AGGRESSIVE;
				GCC_WARN_UNUSED_FUNCTION = YES;
				GCC_WARN_UNUSED_VARIABLE = YES;
				IPHONEOS_DEPLOYMENT_TARGET = 17.4;
				LOCALIZATION_PREFERS_STRING_CATALOGS = YES;
				MTL_ENABLE_DEBUG_INFO = NO;
				MTL_FAST_MATH = YES;
				SDKROOT = iphoneos;
				SWIFT_COMPILATION_MODE = wholemodule;
				VALIDATE_PRODUCT = YES;
			};
			name = Release;
		};
		FF017D3A2BDB8D7900A235A9 /* Debug */ = {
			isa = XCBuildConfiguration;
			buildSettings = {
				ASSETCATALOG_COMPILER_APPICON_NAME = AppIcon;
				ASSETCATALOG_COMPILER_GLOBAL_ACCENT_COLOR_NAME = AccentColor;
				CODE_SIGN_STYLE = Automatic;
				CURRENT_PROJECT_VERSION = 1;
				DEVELOPMENT_ASSET_PATHS = "\"TomatoMurderer/Preview Content\"";
				ENABLE_PREVIEWS = YES;
				GENERATE_INFOPLIST_FILE = YES;
				INFOPLIST_FILE = TomatoMurderer/Info.plist;
				INFOPLIST_KEY_UIApplicationSceneManifest_Generation = YES;
				INFOPLIST_KEY_UIApplicationSupportsIndirectInputEvents = YES;
				INFOPLIST_KEY_UILaunchScreen_Generation = YES;
				INFOPLIST_KEY_UISupportedInterfaceOrientations_iPad = "UIInterfaceOrientationPortrait UIInterfaceOrientationPortraitUpsideDown UIInterfaceOrientationLandscapeLeft UIInterfaceOrientationLandscapeRight";
				INFOPLIST_KEY_UISupportedInterfaceOrientations_iPhone = "UIInterfaceOrientationPortrait UIInterfaceOrientationLandscapeLeft UIInterfaceOrientationLandscapeRight";
				LD_RUNPATH_SEARCH_PATHS = (
					"$(inherited)",
					"@executable_path/Frameworks",
				);
				MARKETING_VERSION = 1.0;
				PRODUCT_BUNDLE_IDENTIFIER = com.nwm.TomatoMurderer;
				PRODUCT_NAME = "$(TARGET_NAME)";
				SUPPORTED_PLATFORMS = "iphoneos iphonesimulator";
				SUPPORTS_MACCATALYST = NO;
				SUPPORTS_MAC_DESIGNED_FOR_IPHONE_IPAD = NO;
				SUPPORTS_XR_DESIGNED_FOR_IPHONE_IPAD = NO;
				SWIFT_EMIT_LOC_STRINGS = YES;
				SWIFT_VERSION = 5.0;
				TARGETED_DEVICE_FAMILY = 1;
			};
			name = Debug;
		};
		FF017D3B2BDB8D7900A235A9 /* Release */ = {
			isa = XCBuildConfiguration;
			buildSettings = {
				ASSETCATALOG_COMPILER_APPICON_NAME = AppIcon;
				ASSETCATALOG_COMPILER_GLOBAL_ACCENT_COLOR_NAME = AccentColor;
				CODE_SIGN_STYLE = Automatic;
				CURRENT_PROJECT_VERSION = 1;
				DEVELOPMENT_ASSET_PATHS = "\"TomatoMurderer/Preview Content\"";
				ENABLE_PREVIEWS = YES;
				GENERATE_INFOPLIST_FILE = YES;
				INFOPLIST_FILE = TomatoMurderer/Info.plist;
				INFOPLIST_KEY_UIApplicationSceneManifest_Generation = YES;
				INFOPLIST_KEY_UIApplicationSupportsIndirectInputEvents = YES;
				INFOPLIST_KEY_UILaunchScreen_Generation = YES;
				INFOPLIST_KEY_UISupportedInterfaceOrientations_iPad = "UIInterfaceOrientationPortrait UIInterfaceOrientationPortraitUpsideDown UIInterfaceOrientationLandscapeLeft UIInterfaceOrientationLandscapeRight";
				INFOPLIST_KEY_UISupportedInterfaceOrientations_iPhone = "UIInterfaceOrientationPortrait UIInterfaceOrientationLandscapeLeft UIInterfaceOrientationLandscapeRight";
				LD_RUNPATH_SEARCH_PATHS = (
					"$(inherited)",
					"@executable_path/Frameworks",
				);
				MARKETING_VERSION = 1.0;
				PRODUCT_BUNDLE_IDENTIFIER = com.nwm.TomatoMurderer;
				PRODUCT_NAME = "$(TARGET_NAME)";
				SUPPORTED_PLATFORMS = "iphoneos iphonesimulator";
				SUPPORTS_MACCATALYST = NO;
				SUPPORTS_MAC_DESIGNED_FOR_IPHONE_IPAD = NO;
				SUPPORTS_XR_DESIGNED_FOR_IPHONE_IPAD = NO;
				SWIFT_EMIT_LOC_STRINGS = YES;
				SWIFT_VERSION = 5.0;
				TARGETED_DEVICE_FAMILY = 1;
			};
			name = Release;
		};
/* End XCBuildConfiguration section */

/* Begin XCConfigurationList section */
		FF017D262BDB8D7800A235A9 /* Build configuration list for PBXProject "TomatoMurderer" */ = {
			isa = XCConfigurationList;
			buildConfigurations = (
				FF017D372BDB8D7900A235A9 /* Debug */,
				FF017D382BDB8D7900A235A9 /* Release */,
			);
			defaultConfigurationIsVisible = 0;
			defaultConfigurationName = Release;
		};
		FF017D392BDB8D7900A235A9 /* Build configuration list for PBXNativeTarget "TomatoMurderer" */ = {
			isa = XCConfigurationList;
			buildConfigurations = (
				FF017D3A2BDB8D7900A235A9 /* Debug */,
				FF017D3B2BDB8D7900A235A9 /* Release */,
			);
			defaultConfigurationIsVisible = 0;
			defaultConfigurationName = Release;
		};
/* End XCConfigurationList section */
	};
	rootObject = FF017D232BDB8D7800A235A9 /* Project object */;
}
